
Microsoft Visual Studio Solution File, Format Version 12.00
# Visual Studio 15
VisualStudioVersion = 15.0.26730.16
MinimumVisualStudioVersion = 10.0.40219.1
Project("{2150E333-8FDC-42A3-9474-1A3956D46DE8}") = "Solution Items", "Solution Items", "{B9EA6B1B-4B7E-4194-B858-24C4D70D9471}"
EndProject
Project("{FAE04EC0-301F-11D3-BF4B-00C04F79EFBC}") = "Dopamine.Packager", "Dopamine.Packager\Dopamine.Packager.csproj", "{F32533FD-96B4-4B94-8844-3EFA1F63F52A}"
EndProject
Project("{FAE04EC0-301F-11D3-BF4B-00C04F79EFBC}") = "Dopamine.Tests", "Dopamine.Tests\Dopamine.Tests.csproj", "{5C9DE16E-C69A-4182-9C0C-30FF7CC944CD}"
EndProject
Project("{FAE04EC0-301F-11D3-BF4B-00C04F79EFBC}") = "Dopamine.Common", "Dopamine.Common\Dopamine.Common.csproj", "{839C5668-B96D-4826-9BF5-E00BF3D9B292}"
EndProject
Project("{FAE04EC0-301F-11D3-BF4B-00C04F79EFBC}") = "Dopamine", "Dopamine\Dopamine.csproj", "{CB66D1A5-AB9F-460F-9955-86EB2EB0DD5A}"
EndProject
Global
	GlobalSection(SolutionConfigurationPlatforms) = preSolution
		Debug|Any CPU = Debug|Any CPU
		Debug|ARM = Debug|ARM
		Debug|x64 = Debug|x64
		Debug|x86 = Debug|x86
		Release|Any CPU = Release|Any CPU
		Release|ARM = Release|ARM
		Release|x64 = Release|x64
		Release|x86 = Release|x86
	EndGlobalSection
	GlobalSection(ProjectConfigurationPlatforms) = postSolution
		{F32533FD-96B4-4B94-8844-3EFA1F63F52A}.Debug|Any CPU.ActiveCfg = Debug|Any CPU
		{F32533FD-96B4-4B94-8844-3EFA1F63F52A}.Debug|Any CPU.Build.0 = Debug|Any CPU
		{F32533FD-96B4-4B94-8844-3EFA1F63F52A}.Debug|ARM.ActiveCfg = Debug|Any CPU
		{F32533FD-96B4-4B94-8844-3EFA1F63F52A}.Debug|ARM.Build.0 = Debug|Any CPU
		{F32533FD-96B4-4B94-8844-3EFA1F63F52A}.Debug|x64.ActiveCfg = Debug|Any CPU
		{F32533FD-96B4-4B94-8844-3EFA1F63F52A}.Debug|x64.Build.0 = Debug|Any CPU
		{F32533FD-96B4-4B94-8844-3EFA1F63F52A}.Debug|x86.ActiveCfg = Debug|Any CPU
		{F32533FD-96B4-4B94-8844-3EFA1F63F52A}.Debug|x86.Build.0 = Debug|Any CPU
		{F32533FD-96B4-4B94-8844-3EFA1F63F52A}.Release|Any CPU.ActiveCfg = Release|Any CPU
		{F32533FD-96B4-4B94-8844-3EFA1F63F52A}.Release|Any CPU.Build.0 = Release|Any CPU
		{F32533FD-96B4-4B94-8844-3EFA1F63F52A}.Release|ARM.ActiveCfg = Release|Any CPU
		{F32533FD-96B4-4B94-8844-3EFA1F63F52A}.Release|ARM.Build.0 = Release|Any CPU
		{F32533FD-96B4-4B94-8844-3EFA1F63F52A}.Release|x64.ActiveCfg = Release|Any CPU
		{F32533FD-96B4-4B94-8844-3EFA1F63F52A}.Release|x64.Build.0 = Release|Any CPU
		{F32533FD-96B4-4B94-8844-3EFA1F63F52A}.Release|x86.ActiveCfg = Release|Any CPU
		{F32533FD-96B4-4B94-8844-3EFA1F63F52A}.Release|x86.Build.0 = Release|Any CPU
		{5C9DE16E-C69A-4182-9C0C-30FF7CC944CD}.Debug|Any CPU.ActiveCfg = Debug|Any CPU
		{5C9DE16E-C69A-4182-9C0C-30FF7CC944CD}.Debug|Any CPU.Build.0 = Debug|Any CPU
		{5C9DE16E-C69A-4182-9C0C-30FF7CC944CD}.Debug|ARM.ActiveCfg = Debug|Any CPU
		{5C9DE16E-C69A-4182-9C0C-30FF7CC944CD}.Debug|ARM.Build.0 = Debug|Any CPU
		{5C9DE16E-C69A-4182-9C0C-30FF7CC944CD}.Debug|x64.ActiveCfg = Debug|Any CPU
		{5C9DE16E-C69A-4182-9C0C-30FF7CC944CD}.Debug|x64.Build.0 = Debug|Any CPU
		{5C9DE16E-C69A-4182-9C0C-30FF7CC944CD}.Debug|x86.ActiveCfg = Debug|Any CPU
		{5C9DE16E-C69A-4182-9C0C-30FF7CC944CD}.Debug|x86.Build.0 = Debug|Any CPU
		{5C9DE16E-C69A-4182-9C0C-30FF7CC944CD}.Release|Any CPU.ActiveCfg = Release|Any CPU
		{5C9DE16E-C69A-4182-9C0C-30FF7CC944CD}.Release|Any CPU.Build.0 = Release|Any CPU
		{5C9DE16E-C69A-4182-9C0C-30FF7CC944CD}.Release|ARM.ActiveCfg = Release|Any CPU
		{5C9DE16E-C69A-4182-9C0C-30FF7CC944CD}.Release|ARM.Build.0 = Release|Any CPU
		{5C9DE16E-C69A-4182-9C0C-30FF7CC944CD}.Release|x64.ActiveCfg = Release|Any CPU
		{5C9DE16E-C69A-4182-9C0C-30FF7CC944CD}.Release|x64.Build.0 = Release|Any CPU
		{5C9DE16E-C69A-4182-9C0C-30FF7CC944CD}.Release|x86.ActiveCfg = Release|Any CPU
		{5C9DE16E-C69A-4182-9C0C-30FF7CC944CD}.Release|x86.Build.0 = Release|Any CPU
		{839C5668-B96D-4826-9BF5-E00BF3D9B292}.Debug|Any CPU.ActiveCfg = Debug|Any CPU
		{839C5668-B96D-4826-9BF5-E00BF3D9B292}.Debug|Any CPU.Build.0 = Debug|Any CPU
		{839C5668-B96D-4826-9BF5-E00BF3D9B292}.Debug|ARM.ActiveCfg = Debug|Any CPU
		{839C5668-B96D-4826-9BF5-E00BF3D9B292}.Debug|ARM.Build.0 = Debug|Any CPU
		{839C5668-B96D-4826-9BF5-E00BF3D9B292}.Debug|x64.ActiveCfg = Debug|Any CPU
		{839C5668-B96D-4826-9BF5-E00BF3D9B292}.Debug|x64.Build.0 = Debug|Any CPU
		{839C5668-B96D-4826-9BF5-E00BF3D9B292}.Debug|x86.ActiveCfg = Debug|Any CPU
		{839C5668-B96D-4826-9BF5-E00BF3D9B292}.Debug|x86.Build.0 = Debug|Any CPU
		{839C5668-B96D-4826-9BF5-E00BF3D9B292}.Release|Any CPU.ActiveCfg = Release|Any CPU
		{839C5668-B96D-4826-9BF5-E00BF3D9B292}.Release|Any CPU.Build.0 = Release|Any CPU
		{839C5668-B96D-4826-9BF5-E00BF3D9B292}.Release|ARM.ActiveCfg = Release|Any CPU
		{839C5668-B96D-4826-9BF5-E00BF3D9B292}.Release|ARM.Build.0 = Release|Any CPU
		{839C5668-B96D-4826-9BF5-E00BF3D9B292}.Release|x64.ActiveCfg = Release|Any CPU
		{839C5668-B96D-4826-9BF5-E00BF3D9B292}.Release|x64.Build.0 = Release|Any CPU
		{839C5668-B96D-4826-9BF5-E00BF3D9B292}.Release|x86.ActiveCfg = Release|Any CPU
		{839C5668-B96D-4826-9BF5-E00BF3D9B292}.Release|x86.Build.0 = Release|Any CPU
		{CB66D1A5-AB9F-460F-9955-86EB2EB0DD5A}.Debug|Any CPU.ActiveCfg = Debug|Any CPU
		{CB66D1A5-AB9F-460F-9955-86EB2EB0DD5A}.Debug|Any CPU.Build.0 = Debug|Any CPU
		{CB66D1A5-AB9F-460F-9955-86EB2EB0DD5A}.Debug|ARM.ActiveCfg = Debug|Any CPU
		{CB66D1A5-AB9F-460F-9955-86EB2EB0DD5A}.Debug|ARM.Build.0 = Debug|Any CPU
		{CB66D1A5-AB9F-460F-9955-86EB2EB0DD5A}.Debug|x64.ActiveCfg = Debug|Any CPU
		{CB66D1A5-AB9F-460F-9955-86EB2EB0DD5A}.Debug|x64.Build.0 = Debug|Any CPU
		{CB66D1A5-AB9F-460F-9955-86EB2EB0DD5A}.Debug|x86.ActiveCfg = Debug|Any CPU
		{CB66D1A5-AB9F-460F-9955-86EB2EB0DD5A}.Debug|x86.Build.0 = Debug|Any CPU
		{CB66D1A5-AB9F-460F-9955-86EB2EB0DD5A}.Release|Any CPU.ActiveCfg = Release|Any CPU
		{CB66D1A5-AB9F-460F-9955-86EB2EB0DD5A}.Release|Any CPU.Build.0 = Release|Any CPU
		{CB66D1A5-AB9F-460F-9955-86EB2EB0DD5A}.Release|ARM.ActiveCfg = Release|Any CPU
		{CB66D1A5-AB9F-460F-9955-86EB2EB0DD5A}.Release|ARM.Build.0 = Release|Any CPU
		{CB66D1A5-AB9F-460F-9955-86EB2EB0DD5A}.Release|x64.ActiveCfg = Release|Any CPU
		{CB66D1A5-AB9F-460F-9955-86EB2EB0DD5A}.Release|x64.Build.0 = Release|Any CPU
		{CB66D1A5-AB9F-460F-9955-86EB2EB0DD5A}.Release|x86.ActiveCfg = Release|Any CPU
		{CB66D1A5-AB9F-460F-9955-86EB2EB0DD5A}.Release|x86.Build.0 = Release|Any CPU
	EndGlobalSection
	GlobalSection(SolutionProperties) = preSolution
		HideSolutionNode = FALSE
	EndGlobalSection
	GlobalSection(ExtensibilityGlobals) = postSolution
		SolutionGuid = {CEC48903-29B8-4CDB-9858-8882CF00B116}
	EndGlobalSection
EndGlobal
