
Microsoft Visual Studio Solution File, Format Version 12.00
# Visual Studio 15
VisualStudioVersion = 15.0.26730.12
MinimumVisualStudioVersion = 10.0.40219.1
Project("{2150E333-8FDC-42A3-9474-1A3956D46DE8}") = "Modules", "Modules", "{04E4F5AB-2748-449E-BE18-66B35225E5C4}"
EndProject
Project("{2150E333-8FDC-42A3-9474-1A3956D46DE8}") = "Solution Items", "Solution Items", "{B9EA6B1B-4B7E-4194-B858-24C4D70D9471}"
EndProject
Project("{FAE04EC0-301F-11D3-BF4B-00C04F79EFBC}") = "Dopamine.Packager", "Dopamine.Packager\Dopamine.Packager.csproj", "{F32533FD-96B4-4B94-8844-3EFA1F63F52A}"
EndProject
Project("{FAE04EC0-301F-11D3-BF4B-00C04F79EFBC}") = "Dopamine.Tests", "Dopamine.Tests\Dopamine.Tests.csproj", "{5C9DE16E-C69A-4182-9C0C-30FF7CC944CD}"
EndProject
Project("{FAE04EC0-301F-11D3-BF4B-00C04F79EFBC}") = "Dopamine.Common", "Dopamine.Common\Dopamine.Common.csproj", "{839C5668-B96D-4826-9BF5-E00BF3D9B292}"
EndProject
Project("{FAE04EC0-301F-11D3-BF4B-00C04F79EFBC}") = "Dopamine.InformationModule", "Dopamine.InformationModule\Dopamine.InformationModule.csproj", "{DE00539C-306F-4C30-8993-88A500AC0084}"
EndProject
Project("{FAE04EC0-301F-11D3-BF4B-00C04F79EFBC}") = "Dopamine.OobeModule", "Dopamine.OobeModule\Dopamine.OobeModule.csproj", "{8D430586-2B69-41EE-9C9E-D0BF7067FF38}"
EndProject
Project("{FAE04EC0-301F-11D3-BF4B-00C04F79EFBC}") = "Dopamine.SettingsModule", "Dopamine.SettingsModule\Dopamine.SettingsModule.csproj", "{91BF5D58-4C30-4A76-8BEA-437994E529E7}"
EndProject
Project("{FAE04EC0-301F-11D3-BF4B-00C04F79EFBC}") = "Dopamine.MiniPlayerModule", "Dopamine.MiniPlayerModule\Dopamine.MiniPlayerModule.csproj", "{669136A2-1AC0-4377-900D-AA2C4AB1AA40}"
EndProject
Project("{FAE04EC0-301F-11D3-BF4B-00C04F79EFBC}") = "Dopamine.FullPlayerModule", "Dopamine.FullPlayerModule\Dopamine.FullPlayerModule.csproj", "{0032CFAA-6E3B-4BB3-875D-89A5D33262AC}"
EndProject
Project("{FAE04EC0-301F-11D3-BF4B-00C04F79EFBC}") = "Dopamine.ControlsModule", "Dopamine.ControlsModule\Dopamine.ControlsModule.csproj", "{7C852F68-0E22-4A26-BA7F-962A8B3B2AD0}"
EndProject
Project("{FAE04EC0-301F-11D3-BF4B-00C04F79EFBC}") = "Dopamine.CollectionModule", "Dopamine.CollectionModule\Dopamine.CollectionModule.csproj", "{C54F9EF5-11D0-4D83-96FC-CF32F44F024D}"
EndProject
Project("{FAE04EC0-301F-11D3-BF4B-00C04F79EFBC}") = "Dopamine", "Dopamine\Dopamine.csproj", "{CB66D1A5-AB9F-460F-9955-86EB2EB0DD5A}"
EndProject
Project("{FAE04EC0-301F-11D3-BF4B-00C04F79EFBC}") = "Dopamine.UWP", "Dopamine.UWP\Dopamine.UWP.csproj", "{CCAEE456-A5A1-4CA5-9FB5-1B718F8224CD}"
EndProject
Project("{FAE04EC0-301F-11D3-BF4B-00C04F79EFBC}") = "Dopamine.Core", "Dopamine.Core\Dopamine.Core.csproj", "{7E12890A-2831-4A17-A71C-9C21430C29CA}"
EndProject
Global
	GlobalSection(SolutionConfigurationPlatforms) = preSolution
		Debug|Any CPU = Debug|Any CPU
		Debug|ARM = Debug|ARM
		Debug|x64 = Debug|x64
		Debug|x86 = Debug|x86
		Release|Any CPU = Release|Any CPU
		Release|ARM = Release|ARM
		Release|x64 = Release|x64
		Release|x86 = Release|x86
	EndGlobalSection
	GlobalSection(ProjectConfigurationPlatforms) = postSolution
		{F32533FD-96B4-4B94-8844-3EFA1F63F52A}.Debug|Any CPU.ActiveCfg = Debug|Any CPU
		{F32533FD-96B4-4B94-8844-3EFA1F63F52A}.Debug|Any CPU.Build.0 = Debug|Any CPU
		{F32533FD-96B4-4B94-8844-3EFA1F63F52A}.Debug|ARM.ActiveCfg = Debug|Any CPU
		{F32533FD-96B4-4B94-8844-3EFA1F63F52A}.Debug|ARM.Build.0 = Debug|Any CPU
		{F32533FD-96B4-4B94-8844-3EFA1F63F52A}.Debug|x64.ActiveCfg = Debug|Any CPU
		{F32533FD-96B4-4B94-8844-3EFA1F63F52A}.Debug|x64.Build.0 = Debug|Any CPU
		{F32533FD-96B4-4B94-8844-3EFA1F63F52A}.Debug|x86.ActiveCfg = Debug|Any CPU
		{F32533FD-96B4-4B94-8844-3EFA1F63F52A}.Debug|x86.Build.0 = Debug|Any CPU
		{F32533FD-96B4-4B94-8844-3EFA1F63F52A}.Release|Any CPU.ActiveCfg = Release|Any CPU
		{F32533FD-96B4-4B94-8844-3EFA1F63F52A}.Release|Any CPU.Build.0 = Release|Any CPU
		{F32533FD-96B4-4B94-8844-3EFA1F63F52A}.Release|ARM.ActiveCfg = Release|Any CPU
		{F32533FD-96B4-4B94-8844-3EFA1F63F52A}.Release|ARM.Build.0 = Release|Any CPU
		{F32533FD-96B4-4B94-8844-3EFA1F63F52A}.Release|x64.ActiveCfg = Release|Any CPU
		{F32533FD-96B4-4B94-8844-3EFA1F63F52A}.Release|x64.Build.0 = Release|Any CPU
		{F32533FD-96B4-4B94-8844-3EFA1F63F52A}.Release|x86.ActiveCfg = Release|Any CPU
		{F32533FD-96B4-4B94-8844-3EFA1F63F52A}.Release|x86.Build.0 = Release|Any CPU
		{5C9DE16E-C69A-4182-9C0C-30FF7CC944CD}.Debug|Any CPU.ActiveCfg = Debug|Any CPU
		{5C9DE16E-C69A-4182-9C0C-30FF7CC944CD}.Debug|Any CPU.Build.0 = Debug|Any CPU
		{5C9DE16E-C69A-4182-9C0C-30FF7CC944CD}.Debug|ARM.ActiveCfg = Debug|Any CPU
		{5C9DE16E-C69A-4182-9C0C-30FF7CC944CD}.Debug|ARM.Build.0 = Debug|Any CPU
		{5C9DE16E-C69A-4182-9C0C-30FF7CC944CD}.Debug|x64.ActiveCfg = Debug|Any CPU
		{5C9DE16E-C69A-4182-9C0C-30FF7CC944CD}.Debug|x64.Build.0 = Debug|Any CPU
		{5C9DE16E-C69A-4182-9C0C-30FF7CC944CD}.Debug|x86.ActiveCfg = Debug|Any CPU
		{5C9DE16E-C69A-4182-9C0C-30FF7CC944CD}.Debug|x86.Build.0 = Debug|Any CPU
		{5C9DE16E-C69A-4182-9C0C-30FF7CC944CD}.Release|Any CPU.ActiveCfg = Release|Any CPU
		{5C9DE16E-C69A-4182-9C0C-30FF7CC944CD}.Release|Any CPU.Build.0 = Release|Any CPU
		{5C9DE16E-C69A-4182-9C0C-30FF7CC944CD}.Release|ARM.ActiveCfg = Release|Any CPU
		{5C9DE16E-C69A-4182-9C0C-30FF7CC944CD}.Release|ARM.Build.0 = Release|Any CPU
		{5C9DE16E-C69A-4182-9C0C-30FF7CC944CD}.Release|x64.ActiveCfg = Release|Any CPU
		{5C9DE16E-C69A-4182-9C0C-30FF7CC944CD}.Release|x64.Build.0 = Release|Any CPU
		{5C9DE16E-C69A-4182-9C0C-30FF7CC944CD}.Release|x86.ActiveCfg = Release|Any CPU
		{5C9DE16E-C69A-4182-9C0C-30FF7CC944CD}.Release|x86.Build.0 = Release|Any CPU
		{839C5668-B96D-4826-9BF5-E00BF3D9B292}.Debug|Any CPU.ActiveCfg = Debug|Any CPU
		{839C5668-B96D-4826-9BF5-E00BF3D9B292}.Debug|Any CPU.Build.0 = Debug|Any CPU
		{839C5668-B96D-4826-9BF5-E00BF3D9B292}.Debug|ARM.ActiveCfg = Debug|Any CPU
		{839C5668-B96D-4826-9BF5-E00BF3D9B292}.Debug|ARM.Build.0 = Debug|Any CPU
		{839C5668-B96D-4826-9BF5-E00BF3D9B292}.Debug|x64.ActiveCfg = Debug|Any CPU
		{839C5668-B96D-4826-9BF5-E00BF3D9B292}.Debug|x64.Build.0 = Debug|Any CPU
		{839C5668-B96D-4826-9BF5-E00BF3D9B292}.Debug|x86.ActiveCfg = Debug|Any CPU
		{839C5668-B96D-4826-9BF5-E00BF3D9B292}.Debug|x86.Build.0 = Debug|Any CPU
		{839C5668-B96D-4826-9BF5-E00BF3D9B292}.Release|Any CPU.ActiveCfg = Release|Any CPU
		{839C5668-B96D-4826-9BF5-E00BF3D9B292}.Release|Any CPU.Build.0 = Release|Any CPU
		{839C5668-B96D-4826-9BF5-E00BF3D9B292}.Release|ARM.ActiveCfg = Release|Any CPU
		{839C5668-B96D-4826-9BF5-E00BF3D9B292}.Release|ARM.Build.0 = Release|Any CPU
		{839C5668-B96D-4826-9BF5-E00BF3D9B292}.Release|x64.ActiveCfg = Release|Any CPU
		{839C5668-B96D-4826-9BF5-E00BF3D9B292}.Release|x64.Build.0 = Release|Any CPU
		{839C5668-B96D-4826-9BF5-E00BF3D9B292}.Release|x86.ActiveCfg = Release|Any CPU
		{839C5668-B96D-4826-9BF5-E00BF3D9B292}.Release|x86.Build.0 = Release|Any CPU
		{DE00539C-306F-4C30-8993-88A500AC0084}.Debug|Any CPU.ActiveCfg = Debug|Any CPU
		{DE00539C-306F-4C30-8993-88A500AC0084}.Debug|Any CPU.Build.0 = Debug|Any CPU
		{DE00539C-306F-4C30-8993-88A500AC0084}.Debug|ARM.ActiveCfg = Debug|Any CPU
		{DE00539C-306F-4C30-8993-88A500AC0084}.Debug|ARM.Build.0 = Debug|Any CPU
		{DE00539C-306F-4C30-8993-88A500AC0084}.Debug|x64.ActiveCfg = Debug|Any CPU
		{DE00539C-306F-4C30-8993-88A500AC0084}.Debug|x64.Build.0 = Debug|Any CPU
		{DE00539C-306F-4C30-8993-88A500AC0084}.Debug|x86.ActiveCfg = Debug|Any CPU
		{DE00539C-306F-4C30-8993-88A500AC0084}.Debug|x86.Build.0 = Debug|Any CPU
		{DE00539C-306F-4C30-8993-88A500AC0084}.Release|Any CPU.ActiveCfg = Release|Any CPU
		{DE00539C-306F-4C30-8993-88A500AC0084}.Release|Any CPU.Build.0 = Release|Any CPU
		{DE00539C-306F-4C30-8993-88A500AC0084}.Release|ARM.ActiveCfg = Release|Any CPU
		{DE00539C-306F-4C30-8993-88A500AC0084}.Release|ARM.Build.0 = Release|Any CPU
		{DE00539C-306F-4C30-8993-88A500AC0084}.Release|x64.ActiveCfg = Release|Any CPU
		{DE00539C-306F-4C30-8993-88A500AC0084}.Release|x64.Build.0 = Release|Any CPU
		{DE00539C-306F-4C30-8993-88A500AC0084}.Release|x86.ActiveCfg = Release|Any CPU
		{DE00539C-306F-4C30-8993-88A500AC0084}.Release|x86.Build.0 = Release|Any CPU
		{8D430586-2B69-41EE-9C9E-D0BF7067FF38}.Debug|Any CPU.ActiveCfg = Debug|Any CPU
		{8D430586-2B69-41EE-9C9E-D0BF7067FF38}.Debug|Any CPU.Build.0 = Debug|Any CPU
		{8D430586-2B69-41EE-9C9E-D0BF7067FF38}.Debug|ARM.ActiveCfg = Debug|Any CPU
		{8D430586-2B69-41EE-9C9E-D0BF7067FF38}.Debug|ARM.Build.0 = Debug|Any CPU
		{8D430586-2B69-41EE-9C9E-D0BF7067FF38}.Debug|x64.ActiveCfg = Debug|Any CPU
		{8D430586-2B69-41EE-9C9E-D0BF7067FF38}.Debug|x64.Build.0 = Debug|Any CPU
		{8D430586-2B69-41EE-9C9E-D0BF7067FF38}.Debug|x86.ActiveCfg = Debug|Any CPU
		{8D430586-2B69-41EE-9C9E-D0BF7067FF38}.Debug|x86.Build.0 = Debug|Any CPU
		{8D430586-2B69-41EE-9C9E-D0BF7067FF38}.Release|Any CPU.ActiveCfg = Release|Any CPU
		{8D430586-2B69-41EE-9C9E-D0BF7067FF38}.Release|Any CPU.Build.0 = Release|Any CPU
		{8D430586-2B69-41EE-9C9E-D0BF7067FF38}.Release|ARM.ActiveCfg = Release|Any CPU
		{8D430586-2B69-41EE-9C9E-D0BF7067FF38}.Release|ARM.Build.0 = Release|Any CPU
		{8D430586-2B69-41EE-9C9E-D0BF7067FF38}.Release|x64.ActiveCfg = Release|Any CPU
		{8D430586-2B69-41EE-9C9E-D0BF7067FF38}.Release|x64.Build.0 = Release|Any CPU
		{8D430586-2B69-41EE-9C9E-D0BF7067FF38}.Release|x86.ActiveCfg = Release|Any CPU
		{8D430586-2B69-41EE-9C9E-D0BF7067FF38}.Release|x86.Build.0 = Release|Any CPU
		{91BF5D58-4C30-4A76-8BEA-437994E529E7}.Debug|Any CPU.ActiveCfg = Debug|Any CPU
		{91BF5D58-4C30-4A76-8BEA-437994E529E7}.Debug|Any CPU.Build.0 = Debug|Any CPU
		{91BF5D58-4C30-4A76-8BEA-437994E529E7}.Debug|ARM.ActiveCfg = Debug|Any CPU
		{91BF5D58-4C30-4A76-8BEA-437994E529E7}.Debug|ARM.Build.0 = Debug|Any CPU
		{91BF5D58-4C30-4A76-8BEA-437994E529E7}.Debug|x64.ActiveCfg = Debug|Any CPU
		{91BF5D58-4C30-4A76-8BEA-437994E529E7}.Debug|x64.Build.0 = Debug|Any CPU
		{91BF5D58-4C30-4A76-8BEA-437994E529E7}.Debug|x86.ActiveCfg = Debug|Any CPU
		{91BF5D58-4C30-4A76-8BEA-437994E529E7}.Debug|x86.Build.0 = Debug|Any CPU
		{91BF5D58-4C30-4A76-8BEA-437994E529E7}.Release|Any CPU.ActiveCfg = Release|Any CPU
		{91BF5D58-4C30-4A76-8BEA-437994E529E7}.Release|Any CPU.Build.0 = Release|Any CPU
		{91BF5D58-4C30-4A76-8BEA-437994E529E7}.Release|ARM.ActiveCfg = Release|Any CPU
		{91BF5D58-4C30-4A76-8BEA-437994E529E7}.Release|ARM.Build.0 = Release|Any CPU
		{91BF5D58-4C30-4A76-8BEA-437994E529E7}.Release|x64.ActiveCfg = Release|Any CPU
		{91BF5D58-4C30-4A76-8BEA-437994E529E7}.Release|x64.Build.0 = Release|Any CPU
		{91BF5D58-4C30-4A76-8BEA-437994E529E7}.Release|x86.ActiveCfg = Release|Any CPU
		{91BF5D58-4C30-4A76-8BEA-437994E529E7}.Release|x86.Build.0 = Release|Any CPU
		{669136A2-1AC0-4377-900D-AA2C4AB1AA40}.Debug|Any CPU.ActiveCfg = Debug|Any CPU
		{669136A2-1AC0-4377-900D-AA2C4AB1AA40}.Debug|Any CPU.Build.0 = Debug|Any CPU
		{669136A2-1AC0-4377-900D-AA2C4AB1AA40}.Debug|ARM.ActiveCfg = Debug|Any CPU
		{669136A2-1AC0-4377-900D-AA2C4AB1AA40}.Debug|ARM.Build.0 = Debug|Any CPU
		{669136A2-1AC0-4377-900D-AA2C4AB1AA40}.Debug|x64.ActiveCfg = Debug|Any CPU
		{669136A2-1AC0-4377-900D-AA2C4AB1AA40}.Debug|x64.Build.0 = Debug|Any CPU
		{669136A2-1AC0-4377-900D-AA2C4AB1AA40}.Debug|x86.ActiveCfg = Debug|Any CPU
		{669136A2-1AC0-4377-900D-AA2C4AB1AA40}.Debug|x86.Build.0 = Debug|Any CPU
		{669136A2-1AC0-4377-900D-AA2C4AB1AA40}.Release|Any CPU.ActiveCfg = Release|Any CPU
		{669136A2-1AC0-4377-900D-AA2C4AB1AA40}.Release|Any CPU.Build.0 = Release|Any CPU
		{669136A2-1AC0-4377-900D-AA2C4AB1AA40}.Release|ARM.ActiveCfg = Release|Any CPU
		{669136A2-1AC0-4377-900D-AA2C4AB1AA40}.Release|ARM.Build.0 = Release|Any CPU
		{669136A2-1AC0-4377-900D-AA2C4AB1AA40}.Release|x64.ActiveCfg = Release|Any CPU
		{669136A2-1AC0-4377-900D-AA2C4AB1AA40}.Release|x64.Build.0 = Release|Any CPU
		{669136A2-1AC0-4377-900D-AA2C4AB1AA40}.Release|x86.ActiveCfg = Release|Any CPU
		{669136A2-1AC0-4377-900D-AA2C4AB1AA40}.Release|x86.Build.0 = Release|Any CPU
		{0032CFAA-6E3B-4BB3-875D-89A5D33262AC}.Debug|Any CPU.ActiveCfg = Debug|Any CPU
		{0032CFAA-6E3B-4BB3-875D-89A5D33262AC}.Debug|Any CPU.Build.0 = Debug|Any CPU
		{0032CFAA-6E3B-4BB3-875D-89A5D33262AC}.Debug|ARM.ActiveCfg = Debug|Any CPU
		{0032CFAA-6E3B-4BB3-875D-89A5D33262AC}.Debug|ARM.Build.0 = Debug|Any CPU
		{0032CFAA-6E3B-4BB3-875D-89A5D33262AC}.Debug|x64.ActiveCfg = Debug|Any CPU
		{0032CFAA-6E3B-4BB3-875D-89A5D33262AC}.Debug|x64.Build.0 = Debug|Any CPU
		{0032CFAA-6E3B-4BB3-875D-89A5D33262AC}.Debug|x86.ActiveCfg = Debug|Any CPU
		{0032CFAA-6E3B-4BB3-875D-89A5D33262AC}.Debug|x86.Build.0 = Debug|Any CPU
		{0032CFAA-6E3B-4BB3-875D-89A5D33262AC}.Release|Any CPU.ActiveCfg = Release|Any CPU
		{0032CFAA-6E3B-4BB3-875D-89A5D33262AC}.Release|Any CPU.Build.0 = Release|Any CPU
		{0032CFAA-6E3B-4BB3-875D-89A5D33262AC}.Release|ARM.ActiveCfg = Release|Any CPU
		{0032CFAA-6E3B-4BB3-875D-89A5D33262AC}.Release|ARM.Build.0 = Release|Any CPU
		{0032CFAA-6E3B-4BB3-875D-89A5D33262AC}.Release|x64.ActiveCfg = Release|Any CPU
		{0032CFAA-6E3B-4BB3-875D-89A5D33262AC}.Release|x64.Build.0 = Release|Any CPU
		{0032CFAA-6E3B-4BB3-875D-89A5D33262AC}.Release|x86.ActiveCfg = Release|Any CPU
		{0032CFAA-6E3B-4BB3-875D-89A5D33262AC}.Release|x86.Build.0 = Release|Any CPU
		{7C852F68-0E22-4A26-BA7F-962A8B3B2AD0}.Debug|Any CPU.ActiveCfg = Debug|Any CPU
		{7C852F68-0E22-4A26-BA7F-962A8B3B2AD0}.Debug|Any CPU.Build.0 = Debug|Any CPU
		{7C852F68-0E22-4A26-BA7F-962A8B3B2AD0}.Debug|ARM.ActiveCfg = Debug|Any CPU
		{7C852F68-0E22-4A26-BA7F-962A8B3B2AD0}.Debug|ARM.Build.0 = Debug|Any CPU
		{7C852F68-0E22-4A26-BA7F-962A8B3B2AD0}.Debug|x64.ActiveCfg = Debug|Any CPU
		{7C852F68-0E22-4A26-BA7F-962A8B3B2AD0}.Debug|x64.Build.0 = Debug|Any CPU
		{7C852F68-0E22-4A26-BA7F-962A8B3B2AD0}.Debug|x86.ActiveCfg = Debug|Any CPU
		{7C852F68-0E22-4A26-BA7F-962A8B3B2AD0}.Debug|x86.Build.0 = Debug|Any CPU
		{7C852F68-0E22-4A26-BA7F-962A8B3B2AD0}.Release|Any CPU.ActiveCfg = Release|Any CPU
		{7C852F68-0E22-4A26-BA7F-962A8B3B2AD0}.Release|Any CPU.Build.0 = Release|Any CPU
		{7C852F68-0E22-4A26-BA7F-962A8B3B2AD0}.Release|ARM.ActiveCfg = Release|Any CPU
		{7C852F68-0E22-4A26-BA7F-962A8B3B2AD0}.Release|ARM.Build.0 = Release|Any CPU
		{7C852F68-0E22-4A26-BA7F-962A8B3B2AD0}.Release|x64.ActiveCfg = Release|Any CPU
		{7C852F68-0E22-4A26-BA7F-962A8B3B2AD0}.Release|x64.Build.0 = Release|Any CPU
		{7C852F68-0E22-4A26-BA7F-962A8B3B2AD0}.Release|x86.ActiveCfg = Release|Any CPU
		{7C852F68-0E22-4A26-BA7F-962A8B3B2AD0}.Release|x86.Build.0 = Release|Any CPU
		{C54F9EF5-11D0-4D83-96FC-CF32F44F024D}.Debug|Any CPU.ActiveCfg = Debug|Any CPU
		{C54F9EF5-11D0-4D83-96FC-CF32F44F024D}.Debug|Any CPU.Build.0 = Debug|Any CPU
		{C54F9EF5-11D0-4D83-96FC-CF32F44F024D}.Debug|ARM.ActiveCfg = Debug|Any CPU
		{C54F9EF5-11D0-4D83-96FC-CF32F44F024D}.Debug|ARM.Build.0 = Debug|Any CPU
		{C54F9EF5-11D0-4D83-96FC-CF32F44F024D}.Debug|x64.ActiveCfg = Debug|Any CPU
		{C54F9EF5-11D0-4D83-96FC-CF32F44F024D}.Debug|x64.Build.0 = Debug|Any CPU
		{C54F9EF5-11D0-4D83-96FC-CF32F44F024D}.Debug|x86.ActiveCfg = Debug|Any CPU
		{C54F9EF5-11D0-4D83-96FC-CF32F44F024D}.Debug|x86.Build.0 = Debug|Any CPU
		{C54F9EF5-11D0-4D83-96FC-CF32F44F024D}.Release|Any CPU.ActiveCfg = Release|Any CPU
		{C54F9EF5-11D0-4D83-96FC-CF32F44F024D}.Release|Any CPU.Build.0 = Release|Any CPU
		{C54F9EF5-11D0-4D83-96FC-CF32F44F024D}.Release|ARM.ActiveCfg = Release|Any CPU
		{C54F9EF5-11D0-4D83-96FC-CF32F44F024D}.Release|ARM.Build.0 = Release|Any CPU
		{C54F9EF5-11D0-4D83-96FC-CF32F44F024D}.Release|x64.ActiveCfg = Release|Any CPU
		{C54F9EF5-11D0-4D83-96FC-CF32F44F024D}.Release|x64.Build.0 = Release|Any CPU
		{C54F9EF5-11D0-4D83-96FC-CF32F44F024D}.Release|x86.ActiveCfg = Release|Any CPU
		{C54F9EF5-11D0-4D83-96FC-CF32F44F024D}.Release|x86.Build.0 = Release|Any CPU
		{CB66D1A5-AB9F-460F-9955-86EB2EB0DD5A}.Debug|Any CPU.ActiveCfg = Debug|Any CPU
		{CB66D1A5-AB9F-460F-9955-86EB2EB0DD5A}.Debug|Any CPU.Build.0 = Debug|Any CPU
		{CB66D1A5-AB9F-460F-9955-86EB2EB0DD5A}.Debug|ARM.ActiveCfg = Debug|Any CPU
		{CB66D1A5-AB9F-460F-9955-86EB2EB0DD5A}.Debug|ARM.Build.0 = Debug|Any CPU
		{CB66D1A5-AB9F-460F-9955-86EB2EB0DD5A}.Debug|x64.ActiveCfg = Debug|Any CPU
		{CB66D1A5-AB9F-460F-9955-86EB2EB0DD5A}.Debug|x64.Build.0 = Debug|Any CPU
		{CB66D1A5-AB9F-460F-9955-86EB2EB0DD5A}.Debug|x86.ActiveCfg = Debug|Any CPU
		{CB66D1A5-AB9F-460F-9955-86EB2EB0DD5A}.Debug|x86.Build.0 = Debug|Any CPU
		{CB66D1A5-AB9F-460F-9955-86EB2EB0DD5A}.Release|Any CPU.ActiveCfg = Release|Any CPU
		{CB66D1A5-AB9F-460F-9955-86EB2EB0DD5A}.Release|Any CPU.Build.0 = Release|Any CPU
		{CB66D1A5-AB9F-460F-9955-86EB2EB0DD5A}.Release|ARM.ActiveCfg = Release|Any CPU
		{CB66D1A5-AB9F-460F-9955-86EB2EB0DD5A}.Release|ARM.Build.0 = Release|Any CPU
		{CB66D1A5-AB9F-460F-9955-86EB2EB0DD5A}.Release|x64.ActiveCfg = Release|Any CPU
		{CB66D1A5-AB9F-460F-9955-86EB2EB0DD5A}.Release|x64.Build.0 = Release|Any CPU
		{CB66D1A5-AB9F-460F-9955-86EB2EB0DD5A}.Release|x86.ActiveCfg = Release|Any CPU
		{CB66D1A5-AB9F-460F-9955-86EB2EB0DD5A}.Release|x86.Build.0 = Release|Any CPU
		{CCAEE456-A5A1-4CA5-9FB5-1B718F8224CD}.Debug|Any CPU.ActiveCfg = Debug|x86
		{CCAEE456-A5A1-4CA5-9FB5-1B718F8224CD}.Debug|ARM.ActiveCfg = Debug|ARM
		{CCAEE456-A5A1-4CA5-9FB5-1B718F8224CD}.Debug|ARM.Build.0 = Debug|ARM
		{CCAEE456-A5A1-4CA5-9FB5-1B718F8224CD}.Debug|ARM.Deploy.0 = Debug|ARM
		{CCAEE456-A5A1-4CA5-9FB5-1B718F8224CD}.Debug|x64.ActiveCfg = Debug|x64
		{CCAEE456-A5A1-4CA5-9FB5-1B718F8224CD}.Debug|x64.Build.0 = Debug|x64
		{CCAEE456-A5A1-4CA5-9FB5-1B718F8224CD}.Debug|x64.Deploy.0 = Debug|x64
		{CCAEE456-A5A1-4CA5-9FB5-1B718F8224CD}.Debug|x86.ActiveCfg = Debug|x86
		{CCAEE456-A5A1-4CA5-9FB5-1B718F8224CD}.Debug|x86.Build.0 = Debug|x86
		{CCAEE456-A5A1-4CA5-9FB5-1B718F8224CD}.Debug|x86.Deploy.0 = Debug|x86
		{CCAEE456-A5A1-4CA5-9FB5-1B718F8224CD}.Release|Any CPU.ActiveCfg = Release|x86
		{CCAEE456-A5A1-4CA5-9FB5-1B718F8224CD}.Release|ARM.ActiveCfg = Release|ARM
		{CCAEE456-A5A1-4CA5-9FB5-1B718F8224CD}.Release|ARM.Build.0 = Release|ARM
		{CCAEE456-A5A1-4CA5-9FB5-1B718F8224CD}.Release|ARM.Deploy.0 = Release|ARM
		{CCAEE456-A5A1-4CA5-9FB5-1B718F8224CD}.Release|x64.ActiveCfg = Release|x64
		{CCAEE456-A5A1-4CA5-9FB5-1B718F8224CD}.Release|x64.Build.0 = Release|x64
		{CCAEE456-A5A1-4CA5-9FB5-1B718F8224CD}.Release|x64.Deploy.0 = Release|x64
		{CCAEE456-A5A1-4CA5-9FB5-1B718F8224CD}.Release|x86.ActiveCfg = Release|x86
		{CCAEE456-A5A1-4CA5-9FB5-1B718F8224CD}.Release|x86.Build.0 = Release|x86
		{CCAEE456-A5A1-4CA5-9FB5-1B718F8224CD}.Release|x86.Deploy.0 = Release|x86
		{7E12890A-2831-4A17-A71C-9C21430C29CA}.Debug|Any CPU.ActiveCfg = Debug|Any CPU
		{7E12890A-2831-4A17-A71C-9C21430C29CA}.Debug|Any CPU.Build.0 = Debug|Any CPU
		{7E12890A-2831-4A17-A71C-9C21430C29CA}.Debug|ARM.ActiveCfg = Debug|Any CPU
		{7E12890A-2831-4A17-A71C-9C21430C29CA}.Debug|ARM.Build.0 = Debug|Any CPU
		{7E12890A-2831-4A17-A71C-9C21430C29CA}.Debug|x64.ActiveCfg = Debug|Any CPU
		{7E12890A-2831-4A17-A71C-9C21430C29CA}.Debug|x64.Build.0 = Debug|Any CPU
		{7E12890A-2831-4A17-A71C-9C21430C29CA}.Debug|x86.ActiveCfg = Debug|Any CPU
		{7E12890A-2831-4A17-A71C-9C21430C29CA}.Debug|x86.Build.0 = Debug|Any CPU
		{7E12890A-2831-4A17-A71C-9C21430C29CA}.Release|Any CPU.ActiveCfg = Release|Any CPU
		{7E12890A-2831-4A17-A71C-9C21430C29CA}.Release|Any CPU.Build.0 = Release|Any CPU
		{7E12890A-2831-4A17-A71C-9C21430C29CA}.Release|ARM.ActiveCfg = Release|Any CPU
		{7E12890A-2831-4A17-A71C-9C21430C29CA}.Release|ARM.Build.0 = Release|Any CPU
		{7E12890A-2831-4A17-A71C-9C21430C29CA}.Release|x64.ActiveCfg = Release|Any CPU
		{7E12890A-2831-4A17-A71C-9C21430C29CA}.Release|x64.Build.0 = Release|Any CPU
		{7E12890A-2831-4A17-A71C-9C21430C29CA}.Release|x86.ActiveCfg = Release|Any CPU
		{7E12890A-2831-4A17-A71C-9C21430C29CA}.Release|x86.Build.0 = Release|Any CPU
	EndGlobalSection
	GlobalSection(SolutionProperties) = preSolution
		HideSolutionNode = FALSE
	EndGlobalSection
	GlobalSection(NestedProjects) = preSolution
		{DE00539C-306F-4C30-8993-88A500AC0084} = {04E4F5AB-2748-449E-BE18-66B35225E5C4}
		{8D430586-2B69-41EE-9C9E-D0BF7067FF38} = {04E4F5AB-2748-449E-BE18-66B35225E5C4}
		{91BF5D58-4C30-4A76-8BEA-437994E529E7} = {04E4F5AB-2748-449E-BE18-66B35225E5C4}
		{669136A2-1AC0-4377-900D-AA2C4AB1AA40} = {04E4F5AB-2748-449E-BE18-66B35225E5C4}
		{0032CFAA-6E3B-4BB3-875D-89A5D33262AC} = {04E4F5AB-2748-449E-BE18-66B35225E5C4}
		{7C852F68-0E22-4A26-BA7F-962A8B3B2AD0} = {04E4F5AB-2748-449E-BE18-66B35225E5C4}
		{C54F9EF5-11D0-4D83-96FC-CF32F44F024D} = {04E4F5AB-2748-449E-BE18-66B35225E5C4}
	EndGlobalSection
	GlobalSection(ExtensibilityGlobals) = postSolution
		SolutionGuid = {CEC48903-29B8-4CDB-9858-8882CF00B116}
	EndGlobalSection
EndGlobal
