
Microsoft Visual Studio Solution File, Format Version 12.00
# Visual Studio 14
VisualStudioVersion = 14.0.25420.1
MinimumVisualStudioVersion = 10.0.40219.1
Project("{F184B08F-C81C-45F6-A57F-5ABD9991F28F}") = "Dopamine", "Dopamine\Dopamine.vbproj", "{D7E91029-8238-4178-8D5D-282ACD0D9723}"
EndProject
Project("{2150E333-8FDC-42A3-9474-1A3956D46DE8}") = "Modules", "Modules", "{04E4F5AB-2748-449E-BE18-66B35225E5C4}"
EndProject
Project("{2150E333-8FDC-42A3-9474-1A3956D46DE8}") = "Solution Items", "Solution Items", "{B9EA6B1B-4B7E-4194-B858-24C4D70D9471}"
EndProject
Project("{FAE04EC0-301F-11D3-BF4B-00C04F79EFBC}") = "Dopamine.Core", "Dopamine.Core\Dopamine.Core.csproj", "{F4A6AA5E-5167-48AE-AC87-BCC0414FBD3D}"
EndProject
Project("{FAE04EC0-301F-11D3-BF4B-00C04F79EFBC}") = "Dopamine.Packager", "Dopamine.Packager\Dopamine.Packager.csproj", "{F32533FD-96B4-4B94-8844-3EFA1F63F52A}"
EndProject
Project("{FAE04EC0-301F-11D3-BF4B-00C04F79EFBC}") = "Dopamine.Tests", "Dopamine.Tests\Dopamine.Tests.csproj", "{5C9DE16E-C69A-4182-9C0C-30FF7CC944CD}"
EndProject
Project("{FAE04EC0-301F-11D3-BF4B-00C04F79EFBC}") = "Dopamine.Common", "Dopamine.Common\Dopamine.Common.csproj", "{839C5668-B96D-4826-9BF5-E00BF3D9B292}"
EndProject
Project("{FAE04EC0-301F-11D3-BF4B-00C04F79EFBC}") = "Dopamine.InformationModule", "Dopamine.InformationModule\Dopamine.InformationModule.csproj", "{DE00539C-306F-4C30-8993-88A500AC0084}"
EndProject
Project("{FAE04EC0-301F-11D3-BF4B-00C04F79EFBC}") = "Dopamine.OobeModule", "Dopamine.OobeModule\Dopamine.OobeModule.csproj", "{8D430586-2B69-41EE-9C9E-D0BF7067FF38}"
EndProject
Project("{FAE04EC0-301F-11D3-BF4B-00C04F79EFBC}") = "Dopamine.SettingsModule", "Dopamine.SettingsModule\Dopamine.SettingsModule.csproj", "{91BF5D58-4C30-4A76-8BEA-437994E529E7}"
EndProject
Project("{FAE04EC0-301F-11D3-BF4B-00C04F79EFBC}") = "Dopamine.MiniPlayerModule", "Dopamine.MiniPlayerModule\Dopamine.MiniPlayerModule.csproj", "{669136A2-1AC0-4377-900D-AA2C4AB1AA40}"
EndProject
Project("{FAE04EC0-301F-11D3-BF4B-00C04F79EFBC}") = "Dopamine.FullPlayerModule", "Dopamine.FullPlayerModule\Dopamine.FullPlayerModule.csproj", "{0032CFAA-6E3B-4BB3-875D-89A5D33262AC}"
EndProject
Project("{FAE04EC0-301F-11D3-BF4B-00C04F79EFBC}") = "Dopamine.ControlsModule", "Dopamine.ControlsModule\Dopamine.ControlsModule.csproj", "{7C852F68-0E22-4A26-BA7F-962A8B3B2AD0}"
EndProject
Project("{FAE04EC0-301F-11D3-BF4B-00C04F79EFBC}") = "Dopamine.CollectionModule", "Dopamine.CollectionModule\Dopamine.CollectionModule.csproj", "{C54F9EF5-11D0-4D83-96FC-CF32F44F024D}"
EndProject
Global
	GlobalSection(SolutionConfigurationPlatforms) = preSolution
		Debug|Any CPU = Debug|Any CPU
		Release|Any CPU = Release|Any CPU
	EndGlobalSection
	GlobalSection(ProjectConfigurationPlatforms) = postSolution
		{D7E91029-8238-4178-8D5D-282ACD0D9723}.Debug|Any CPU.ActiveCfg = Debug|Any CPU
		{D7E91029-8238-4178-8D5D-282ACD0D9723}.Debug|Any CPU.Build.0 = Debug|Any CPU
		{D7E91029-8238-4178-8D5D-282ACD0D9723}.Release|Any CPU.ActiveCfg = Release|Any CPU
		{D7E91029-8238-4178-8D5D-282ACD0D9723}.Release|Any CPU.Build.0 = Release|Any CPU
		{F4A6AA5E-5167-48AE-AC87-BCC0414FBD3D}.Debug|Any CPU.ActiveCfg = Debug|Any CPU
		{F4A6AA5E-5167-48AE-AC87-BCC0414FBD3D}.Debug|Any CPU.Build.0 = Debug|Any CPU
		{F4A6AA5E-5167-48AE-AC87-BCC0414FBD3D}.Release|Any CPU.ActiveCfg = Release|Any CPU
		{F4A6AA5E-5167-48AE-AC87-BCC0414FBD3D}.Release|Any CPU.Build.0 = Release|Any CPU
		{F32533FD-96B4-4B94-8844-3EFA1F63F52A}.Debug|Any CPU.ActiveCfg = Debug|Any CPU
		{F32533FD-96B4-4B94-8844-3EFA1F63F52A}.Debug|Any CPU.Build.0 = Debug|Any CPU
		{F32533FD-96B4-4B94-8844-3EFA1F63F52A}.Release|Any CPU.ActiveCfg = Release|Any CPU
		{F32533FD-96B4-4B94-8844-3EFA1F63F52A}.Release|Any CPU.Build.0 = Release|Any CPU
		{5C9DE16E-C69A-4182-9C0C-30FF7CC944CD}.Debug|Any CPU.ActiveCfg = Debug|Any CPU
		{5C9DE16E-C69A-4182-9C0C-30FF7CC944CD}.Debug|Any CPU.Build.0 = Debug|Any CPU
		{5C9DE16E-C69A-4182-9C0C-30FF7CC944CD}.Release|Any CPU.ActiveCfg = Release|Any CPU
		{5C9DE16E-C69A-4182-9C0C-30FF7CC944CD}.Release|Any CPU.Build.0 = Release|Any CPU
		{839C5668-B96D-4826-9BF5-E00BF3D9B292}.Debug|Any CPU.ActiveCfg = Debug|Any CPU
		{839C5668-B96D-4826-9BF5-E00BF3D9B292}.Debug|Any CPU.Build.0 = Debug|Any CPU
		{839C5668-B96D-4826-9BF5-E00BF3D9B292}.Release|Any CPU.ActiveCfg = Release|Any CPU
		{839C5668-B96D-4826-9BF5-E00BF3D9B292}.Release|Any CPU.Build.0 = Release|Any CPU
		{DE00539C-306F-4C30-8993-88A500AC0084}.Debug|Any CPU.ActiveCfg = Debug|Any CPU
		{DE00539C-306F-4C30-8993-88A500AC0084}.Debug|Any CPU.Build.0 = Debug|Any CPU
		{DE00539C-306F-4C30-8993-88A500AC0084}.Release|Any CPU.ActiveCfg = Release|Any CPU
		{DE00539C-306F-4C30-8993-88A500AC0084}.Release|Any CPU.Build.0 = Release|Any CPU
		{8D430586-2B69-41EE-9C9E-D0BF7067FF38}.Debug|Any CPU.ActiveCfg = Debug|Any CPU
		{8D430586-2B69-41EE-9C9E-D0BF7067FF38}.Debug|Any CPU.Build.0 = Debug|Any CPU
		{8D430586-2B69-41EE-9C9E-D0BF7067FF38}.Release|Any CPU.ActiveCfg = Release|Any CPU
		{8D430586-2B69-41EE-9C9E-D0BF7067FF38}.Release|Any CPU.Build.0 = Release|Any CPU
		{91BF5D58-4C30-4A76-8BEA-437994E529E7}.Debug|Any CPU.ActiveCfg = Debug|Any CPU
		{91BF5D58-4C30-4A76-8BEA-437994E529E7}.Debug|Any CPU.Build.0 = Debug|Any CPU
		{91BF5D58-4C30-4A76-8BEA-437994E529E7}.Release|Any CPU.ActiveCfg = Release|Any CPU
		{91BF5D58-4C30-4A76-8BEA-437994E529E7}.Release|Any CPU.Build.0 = Release|Any CPU
		{669136A2-1AC0-4377-900D-AA2C4AB1AA40}.Debug|Any CPU.ActiveCfg = Debug|Any CPU
		{669136A2-1AC0-4377-900D-AA2C4AB1AA40}.Debug|Any CPU.Build.0 = Debug|Any CPU
		{669136A2-1AC0-4377-900D-AA2C4AB1AA40}.Release|Any CPU.ActiveCfg = Release|Any CPU
		{669136A2-1AC0-4377-900D-AA2C4AB1AA40}.Release|Any CPU.Build.0 = Release|Any CPU
		{0032CFAA-6E3B-4BB3-875D-89A5D33262AC}.Debug|Any CPU.ActiveCfg = Debug|Any CPU
		{0032CFAA-6E3B-4BB3-875D-89A5D33262AC}.Debug|Any CPU.Build.0 = Debug|Any CPU
		{0032CFAA-6E3B-4BB3-875D-89A5D33262AC}.Release|Any CPU.ActiveCfg = Release|Any CPU
		{0032CFAA-6E3B-4BB3-875D-89A5D33262AC}.Release|Any CPU.Build.0 = Release|Any CPU
		{7C852F68-0E22-4A26-BA7F-962A8B3B2AD0}.Debug|Any CPU.ActiveCfg = Debug|Any CPU
		{7C852F68-0E22-4A26-BA7F-962A8B3B2AD0}.Debug|Any CPU.Build.0 = Debug|Any CPU
		{7C852F68-0E22-4A26-BA7F-962A8B3B2AD0}.Release|Any CPU.ActiveCfg = Release|Any CPU
		{7C852F68-0E22-4A26-BA7F-962A8B3B2AD0}.Release|Any CPU.Build.0 = Release|Any CPU
		{C54F9EF5-11D0-4D83-96FC-CF32F44F024D}.Debug|Any CPU.ActiveCfg = Debug|Any CPU
		{C54F9EF5-11D0-4D83-96FC-CF32F44F024D}.Debug|Any CPU.Build.0 = Debug|Any CPU
		{C54F9EF5-11D0-4D83-96FC-CF32F44F024D}.Release|Any CPU.ActiveCfg = Release|Any CPU
		{C54F9EF5-11D0-4D83-96FC-CF32F44F024D}.Release|Any CPU.Build.0 = Release|Any CPU
	EndGlobalSection
	GlobalSection(SolutionProperties) = preSolution
		HideSolutionNode = FALSE
	EndGlobalSection
	GlobalSection(NestedProjects) = preSolution
		{DE00539C-306F-4C30-8993-88A500AC0084} = {04E4F5AB-2748-449E-BE18-66B35225E5C4}
		{8D430586-2B69-41EE-9C9E-D0BF7067FF38} = {04E4F5AB-2748-449E-BE18-66B35225E5C4}
		{91BF5D58-4C30-4A76-8BEA-437994E529E7} = {04E4F5AB-2748-449E-BE18-66B35225E5C4}
		{669136A2-1AC0-4377-900D-AA2C4AB1AA40} = {04E4F5AB-2748-449E-BE18-66B35225E5C4}
		{0032CFAA-6E3B-4BB3-875D-89A5D33262AC} = {04E4F5AB-2748-449E-BE18-66B35225E5C4}
		{7C852F68-0E22-4A26-BA7F-962A8B3B2AD0} = {04E4F5AB-2748-449E-BE18-66B35225E5C4}
		{C54F9EF5-11D0-4D83-96FC-CF32F44F024D} = {04E4F5AB-2748-449E-BE18-66B35225E5C4}
	EndGlobalSection
EndGlobal
